PODS:
  - Capacitor (7.0.1):
    - CapacitorCordova
  - CapacitorBrowser (7.0.0):
    - Capacitor
  - CapacitorCommunitySafeArea (7.0.0-alpha.1):
    - Capacitor
  - CapacitorCordova (7.0.1)
  - CapacitorPreferences (7.0.0):
    - Capacitor
  - CapacitorPushNotifications (7.0.7):
    - Capacitor
  - CapacitorSplashScreen (7.0.0):
    - Capacitor
  - CapacitorStatusBar (7.0.0):
    - Capacitor
  - CapgoInappbrowser (7.29.4):
    - Capacitor
  - CordovaPlugins (7.0.1):
    - CapacitorCordova

DEPENDENCIES:
  - "Capacitor (from `../../node_modules/.pnpm/@capacitor+ios@7.0.1_@capacitor+core@7.0.1/node_modules/@capacitor/ios`)"
  - "CapacitorBrowser (from `../../node_modules/.pnpm/@capacitor+browser@7.0.0_@capacitor+core@7.0.1/node_modules/@capacitor/browser`)"
  - "CapacitorCommunitySafeArea (from `../../node_modules/.pnpm/@capacitor-community+safe-area@7.0.0-alpha.1_@capacitor+core@7.0.1/node_modules/@capacitor-community/safe-area`)"
  - "CapacitorCordova (from `../../node_modules/.pnpm/@capacitor+ios@7.0.1_@capacitor+core@7.0.1/node_modules/@capacitor/ios`)"
  - "CapacitorPreferences (from `../../node_modules/.pnpm/@capacitor+preferences@7.0.0_@capacitor+core@7.0.1/node_modules/@capacitor/preferences`)"
  - "CapacitorPushNotifications (from `../../node_modules/.pnpm/@capacitor+push-notifications@7.0.7_@capacitor+core@7.0.1/node_modules/@capacitor/push-notifications`)"
  - "CapacitorSplashScreen (from `../../node_modules/.pnpm/@capacitor+splash-screen@7.0.0_@capacitor+core@7.0.1/node_modules/@capacitor/splash-screen`)"
  - "CapacitorStatusBar (from `../../node_modules/.pnpm/@capacitor+status-bar@7.0.0_@capacitor+core@7.0.1/node_modules/@capacitor/status-bar`)"
  - "CapgoInappbrowser (from `../../node_modules/.pnpm/@capgo+inappbrowser@7.29.4_@capacitor+core@7.0.1/node_modules/@capgo/inappbrowser`)"
  - CordovaPlugins (from `../capacitor-cordova-ios-plugins`)

EXTERNAL SOURCES:
  Capacitor:
    :path: "../../node_modules/.pnpm/@capacitor+ios@7.0.1_@capacitor+core@7.0.1/node_modules/@capacitor/ios"
  CapacitorBrowser:
    :path: "../../node_modules/.pnpm/@capacitor+browser@7.0.0_@capacitor+core@7.0.1/node_modules/@capacitor/browser"
  CapacitorCommunitySafeArea:
    :path: "../../node_modules/.pnpm/@capacitor-community+safe-area@7.0.0-alpha.1_@capacitor+core@7.0.1/node_modules/@capacitor-community/safe-area"
  CapacitorCordova:
    :path: "../../node_modules/.pnpm/@capacitor+ios@7.0.1_@capacitor+core@7.0.1/node_modules/@capacitor/ios"
  CapacitorPreferences:
    :path: "../../node_modules/.pnpm/@capacitor+preferences@7.0.0_@capacitor+core@7.0.1/node_modules/@capacitor/preferences"
  CapacitorPushNotifications:
    :path: "../../node_modules/.pnpm/@capacitor+push-notifications@7.0.7_@capacitor+core@7.0.1/node_modules/@capacitor/push-notifications"
  CapacitorSplashScreen:
    :path: "../../node_modules/.pnpm/@capacitor+splash-screen@7.0.0_@capacitor+core@7.0.1/node_modules/@capacitor/splash-screen"
  CapacitorStatusBar:
    :path: "../../node_modules/.pnpm/@capacitor+status-bar@7.0.0_@capacitor+core@7.0.1/node_modules/@capacitor/status-bar"
  CapgoInappbrowser:
    :path: "../../node_modules/.pnpm/@capgo+inappbrowser@7.29.4_@capacitor+core@7.0.1/node_modules/@capgo/inappbrowser"
  CordovaPlugins:
    :path: "../capacitor-cordova-ios-plugins"

SPEC CHECKSUMS:
  Capacitor: de199cba6c8b20995428ad0b7cb0bc6ca625ffd4
  CapacitorBrowser: 55c21db47416dcc8fc3b623e18fd7d09acb26081
  CapacitorCommunitySafeArea: 3f049619072ab5d0da2529bcb05b358ff6c13dc1
  CapacitorCordova: 63d476958d5022d76f197031e8b7ea3519988c64
  CapacitorPreferences: 8e4bef1f937fc991a19d7ea99330c36a62edd24b
  CapacitorPushNotifications: 0527809a9619ed775439d5ab2c2d996122b48319
  CapacitorSplashScreen: 7e7a0a1113833032f196b3af6fa437baccacf5bc
  CapacitorStatusBar: a8c4c83ed2e973bdafb979e80e4b00d027832cb7
  CapgoInappbrowser: eab1573369dc798af28f37201b97e6fd738a5dde
  CordovaPlugins: c1b07aa5a30eeff293189f83d40c92b3d3e2c448

PODFILE CHECKSUM: be32488f160f9ba6b6a588408e60aa7c40e1411c

COCOAPODS: 1.16.2
